// !$*UTF8*$!
{
	archiveVersion = 1;
	classes = {
	};
	objectVersion = 51;
	objects = {

/* Begin PBXBuildFile section */
		5A935D212608ECBD00E17571 /* AppDelegate.swift in Sources */ = {isa = PBXBuildFile; fileRef = 5A935D202608ECBD00E17571 /* AppDelegate.swift */; };
		5A935D232608ECBD00E17571 /* SceneDelegate.swift in Sources */ = {isa = PBXBuildFile; fileRef = 5A935D222608ECBD00E17571 /* SceneDelegate.swift */; };
		5A935D282608ECBD00E17571 /* Main.storyboard in Resources */ = {isa = PBXBuildFile; fileRef = 5A935D262608ECBD00E17571 /* Main.storyboard */; };
		5A935D2A2608ECBF00E17571 /* Assets.xcassets in Resources */ = {isa = PBXBuildFile; fileRef = 5A935D292608ECBF00E17571 /* Assets.xcassets */; };
		5A935D2D2608ECBF00E17571 /* LaunchScreen.storyboard in Resources */ = {isa = PBXBuildFile; fileRef = 5A935D2B2608ECBF00E17571 /* LaunchScreen.storyboard */; };
		5A935D382608ECBF00E17571 /* CS441_SpeechToTextTests.swift in Sources */ = {isa = PBXBuildFile; fileRef = 5A935D372608ECBF00E17571 /* CS441_SpeechToTextTests.swift */; };
		5A935D432608ECBF00E17571 /* CS441_SpeechToTextUITests.swift in Sources */ = {isa = PBXBuildFile; fileRef = 5A935D422608ECBF00E17571 /* CS441_SpeechToTextUITests.swift */; };
		5A935D692609037F00E17571 /* SpeechToTextViewController.swift in Sources */ = {isa = PBXBuildFile; fileRef = 5A935D682609037F00E17571 /* SpeechToTextViewController.swift */; };
		5A935D71260907DC00E17571 /* TextToSpeechViewController.swift in Sources */ = {isa = PBXBuildFile; fileRef = 5A935D70260907DC00E17571 /* TextToSpeechViewController.swift */; };
		633276C0EB19793B4361DA1A /* Pods_CS441_SpeechToText.framework in Frameworks */ = {isa = PBXBuildFile; fileRef = 41169F5CB8DD396A03AA8D80 /* Pods_CS441_SpeechToText.framework */; };
/* End PBXBuildFile section */

/* Begin PBXContainerItemProxy section */
		5A935D342608ECBF00E17571 /* PBXContainerItemProxy */ = {
			isa = PBXContainerItemProxy;
			containerPortal = 5A935D152608ECBD00E17571 /* Project object */;
			proxyType = 1;
			remoteGlobalIDString = 5A935D1C2608ECBD00E17571;
			remoteInfo = CS441_SpeechToText;
		};
		5A935D3F2608ECBF00E17571 /* PBXContainerItemProxy */ = {
			isa = PBXContainerItemProxy;
			containerPortal = 5A935D152608ECBD00E17571 /* Project object */;
			proxyType = 1;
			remoteGlobalIDString = 5A935D1C2608ECBD00E17571;
			remoteInfo = CS441_SpeechToText;
		};
/* End PBXContainerItemProxy section */

/* Begin PBXFileReference section */
		17507132772E99FE89D37E17 /* Pods-CS441_SpeechToText.release.xcconfig */ = {isa = PBXFileReference; includeInIndex = 1; lastKnownFileType = text.xcconfig; name = "Pods-CS441_SpeechToText.release.xcconfig"; path = "Target Support Files/Pods-CS441_SpeechToText/Pods-CS441_SpeechToText.release.xcconfig"; sourceTree = "<group>"; };
		41169F5CB8DD396A03AA8D80 /* Pods_CS441_SpeechToText.framework */ = {isa = PBXFileReference; explicitFileType = wrapper.framework; includeInIndex = 0; path = Pods_CS441_SpeechToText.framework; sourceTree = BUILT_PRODUCTS_DIR; };
		5A935D1D2608ECBD00E17571 /* CS441_SpeechToText.app */ = {isa = PBXFileReference; explicitFileType = wrapper.application; includeInIndex = 0; path = CS441_SpeechToText.app; sourceTree = BUILT_PRODUCTS_DIR; };
		5A935D202608ECBD00E17571 /* AppDelegate.swift */ = {isa = PBXFileReference; lastKnownFileType = sourcecode.swift; path = AppDelegate.swift; sourceTree = "<group>"; };
		5A935D222608ECBD00E17571 /* SceneDelegate.swift */ = {isa = PBXFileReference; lastKnownFileType = sourcecode.swift; path = SceneDelegate.swift; sourceTree = "<group>"; };
		5A935D272608ECBD00E17571 /* Base */ = {isa = PBXFileReference; lastKnownFileType = file.storyboard; name = Base; path = Base.lproj/Main.storyboard; sourceTree = "<group>"; };
		5A935D292608ECBF00E17571 /* Assets.xcassets */ = {isa = PBXFileReference; lastKnownFileType = folder.assetcatalog; path = Assets.xcassets; sourceTree = "<group>"; };
		5A935D2C2608ECBF00E17571 /* Base */ = {isa = PBXFileReference; lastKnownFileType = file.storyboard; name = Base; path = Base.lproj/LaunchScreen.storyboard; sourceTree = "<group>"; };
		5A935D2E2608ECBF00E17571 /* Info.plist */ = {isa = PBXFileReference; lastKnownFileType = text.plist.xml; path = Info.plist; sourceTree = "<group>"; };
		5A935D332608ECBF00E17571 /* CS441_SpeechToTextTests.xctest */ = {isa = PBXFileReference; explicitFileType = wrapper.cfbundle; includeInIndex = 0; path = CS441_SpeechToTextTests.xctest; sourceTree = BUILT_PRODUCTS_DIR; };
		5A935D372608ECBF00E17571 /* CS441_SpeechToTextTests.swift */ = {isa = PBXFileReference; lastKnownFileType = sourcecode.swift; path = CS441_SpeechToTextTests.swift; sourceTree = "<group>"; };
		5A935D392608ECBF00E17571 /* Info.plist */ = {isa = PBXFileReference; lastKnownFileType = text.plist.xml; path = Info.plist; sourceTree = "<group>"; };
		5A935D3E2608ECBF00E17571 /* CS441_SpeechToTextUITests.xctest */ = {isa = PBXFileReference; explicitFileType = wrapper.cfbundle; includeInIndex = 0; path = CS441_SpeechToTextUITests.xctest; sourceTree = BUILT_PRODUCTS_DIR; };
		5A935D422608ECBF00E17571 /* CS441_SpeechToTextUITests.swift */ = {isa = PBXFileReference; lastKnownFileType = sourcecode.swift; path = CS441_SpeechToTextUITests.swift; sourceTree = "<group>"; };
		5A935D442608ECBF00E17571 /* Info.plist */ = {isa = PBXFileReference; lastKnownFileType = text.plist.xml; path = Info.plist; sourceTree = "<group>"; };
		5A935D682609037F00E17571 /* SpeechToTextViewController.swift */ = {isa = PBXFileReference; lastKnownFileType = sourcecode.swift; path = SpeechToTextViewController.swift; sourceTree = "<group>"; };
		5A935D70260907DC00E17571 /* TextToSpeechViewController.swift */ = {isa = PBXFileReference; lastKnownFileType = sourcecode.swift; path = TextToSpeechViewController.swift; sourceTree = "<group>"; };
		735CCB4D333DAA15797353CC /* Pods-CS441_SpeechToText.debug.xcconfig */ = {isa = PBXFileReference; includeInIndex = 1; lastKnownFileType = text.xcconfig; name = "Pods-CS441_SpeechToText.debug.xcconfig"; path = "Target Support Files/Pods-CS441_SpeechToText/Pods-CS441_SpeechToText.debug.xcconfig"; sourceTree = "<group>"; };
/* End PBXFileReference section */

/* Begin PBXFrameworksBuildPhase section */
		5A935D1A2608ECBD00E17571 /* Frameworks */ = {
			isa = PBXFrameworksBuildPhase;
			buildActionMask = 2147483647;
			files = (
				633276C0EB19793B4361DA1A /* Pods_CS441_SpeechToText.framework in Frameworks */,
			);
			runOnlyForDeploymentPostprocessing = 0;
		};
		5A935D302608ECBF00E17571 /* Frameworks */ = {
			isa = PBXFrameworksBuildPhase;
			buildActionMask = 2147483647;
			files = (
			);
			runOnlyForDeploymentPostprocessing = 0;
		};
		5A935D3B2608ECBF00E17571 /* Frameworks */ = {
			isa = PBXFrameworksBuildPhase;
			buildActionMask = 2147483647;
			files = (
			);
			runOnlyForDeploymentPostprocessing = 0;
		};
/* End PBXFrameworksBuildPhase section */

/* Begin PBXGroup section */
		5A935D142608ECBD00E17571 = {
			isa = PBXGroup;
			children = (
				5A935D1F2608ECBD00E17571 /* CS441_SpeechToText */,
				5A935D362608ECBF00E17571 /* CS441_SpeechToTextTests */,
				5A935D412608ECBF00E17571 /* CS441_SpeechToTextUITests */,
				5A935D1E2608ECBD00E17571 /* Products */,
				7DDFBC62CFAAE61453528C4B /* Pods */,
				779BDE3FE6D83BAB795A4535 /* Frameworks */,
			);
			sourceTree = "<group>";
		};
		5A935D1E2608ECBD00E17571 /* Products */ = {
			isa = PBXGroup;
			children = (
				5A935D1D2608ECBD00E17571 /* CS441_SpeechToText.app */,
				5A935D332608ECBF00E17571 /* CS441_SpeechToTextTests.xctest */,
				5A935D3E2608ECBF00E17571 /* CS441_SpeechToTextUITests.xctest */,
			);
			name = Products;
			sourceTree = "<group>";
		};
		5A935D1F2608ECBD00E17571 /* CS441_SpeechToText */ = {
			isa = PBXGroup;
			children = (
				5A935D202608ECBD00E17571 /* AppDelegate.swift */,
				5A935D222608ECBD00E17571 /* SceneDelegate.swift */,
				5A935D262608ECBD00E17571 /* Main.storyboard */,
				5A935D292608ECBF00E17571 /* Assets.xcassets */,
				5A935D2B2608ECBF00E17571 /* LaunchScreen.storyboard */,
				5A935D2E2608ECBF00E17571 /* Info.plist */,
				5A935D682609037F00E17571 /* SpeechToTextViewController.swift */,
				5A935D70260907DC00E17571 /* TextToSpeechViewController.swift */,
			);
			path = CS441_SpeechToText;
			sourceTree = "<group>";
		};
		5A935D362608ECBF00E17571 /* CS441_SpeechToTextTests */ = {
			isa = PBXGroup;
			children = (
				5A935D372608ECBF00E17571 /* CS441_SpeechToTextTests.swift */,
				5A935D392608ECBF00E17571 /* Info.plist */,
			);
			path = CS441_SpeechToTextTests;
			sourceTree = "<group>";
		};
		5A935D412608ECBF00E17571 /* CS441_SpeechToTextUITests */ = {
			isa = PBXGroup;
			children = (
				5A935D422608ECBF00E17571 /* CS441_SpeechToTextUITests.swift */,
				5A935D442608ECBF00E17571 /* Info.plist */,
			);
			path = CS441_SpeechToTextUITests;
			sourceTree = "<group>";
		};
		779BDE3FE6D83BAB795A4535 /* Frameworks */ = {
			isa = PBXGroup;
			children = (
				41169F5CB8DD396A03AA8D80 /* Pods_CS441_SpeechToText.framework */,
			);
			name = Frameworks;
			sourceTree = "<group>";
		};
		7DDFBC62CFAAE61453528C4B /* Pods */ = {
			isa = PBXGroup;
			children = (
				735CCB4D333DAA15797353CC /* Pods-CS441_SpeechToText.debug.xcconfig */,
				17507132772E99FE89D37E17 /* Pods-CS441_SpeechToText.release.xcconfig */,
			);
			path = Pods;
			sourceTree = "<group>";
		};
/* End PBXGroup section */

/* Begin PBXNativeTarget section */
		5A935D1C2608ECBD00E17571 /* CS441_SpeechToText */ = {
			isa = PBXNativeTarget;
			buildConfigurationList = 5A935D472608ECBF00E17571 /* Build configuration list for PBXNativeTarget "CS441_SpeechToText" */;
			buildPhases = (
				7E39D8F9D935340F75C82587 /* [CP] Check Pods Manifest.lock */,
				5A935D192608ECBD00E17571 /* Sources */,
				5A935D1A2608ECBD00E17571 /* Frameworks */,
				5A935D1B2608ECBD00E17571 /* Resources */,
				62EA329A4C30DAA85E63A337 /* [CP] Embed Pods Frameworks */,
			);
			buildRules = (
			);
			dependencies = (
			);
			name = CS441_SpeechToText;
			productName = CS441_SpeechToText;
			productReference = 5A935D1D2608ECBD00E17571 /* CS441_SpeechToText.app */;
			productType = "com.apple.product-type.application";
		};
		5A935D322608ECBF00E17571 /* CS441_SpeechToTextTests */ = {
			isa = PBXNativeTarget;
			buildConfigurationList = 5A935D4A2608ECBF00E17571 /* Build configuration list for PBXNativeTarget "CS441_SpeechToTextTests" */;
			buildPhases = (
				5A935D2F2608ECBF00E17571 /* Sources */,
				5A935D302608ECBF00E17571 /* Frameworks */,
				5A935D312608ECBF00E17571 /* Resources */,
			);
			buildRules = (
			);
			dependencies = (
				5A935D352608ECBF00E17571 /* PBXTargetDependency */,
			);
			name = CS441_SpeechToTextTests;
			productName = CS441_SpeechToTextTests;
			productReference = 5A935D332608ECBF00E17571 /* CS441_SpeechToTextTests.xctest */;
			productType = "com.apple.product-type.bundle.unit-test";
		};
		5A935D3D2608ECBF00E17571 /* CS441_SpeechToTextUITests */ = {
			isa = PBXNativeTarget;
			buildConfigurationList = 5A935D4D2608ECBF00E17571 /* Build configuration list for PBXNativeTarget "CS441_SpeechToTextUITests" */;
			buildPhases = (
				5A935D3A2608ECBF00E17571 /* Sources */,
				5A935D3B2608ECBF00E17571 /* Frameworks */,
				5A935D3C2608ECBF00E17571 /* Resources */,
			);
			buildRules = (
			);
			dependencies = (
				5A935D402608ECBF00E17571 /* PBXTargetDependency */,
			);
			name = CS441_SpeechToTextUITests;
			productName = CS441_SpeechToTextUITests;
			productReference = 5A935D3E2608ECBF00E17571 /* CS441_SpeechToTextUITests.xctest */;
			productType = "com.apple.product-type.bundle.ui-testing";
		};
/* End PBXNativeTarget section */

/* Begin PBXProject section */
		5A935D152608ECBD00E17571 /* Project object */ = {
			isa = PBXProject;
			attributes = {
				LastSwiftUpdateCheck = 1240;
				LastUpgradeCheck = 1240;
				TargetAttributes = {
					5A935D1C2608ECBD00E17571 = {
						CreatedOnToolsVersion = 12.4;
					};
					5A935D322608ECBF00E17571 = {
						CreatedOnToolsVersion = 12.4;
						TestTargetID = 5A935D1C2608ECBD00E17571;
					};
					5A935D3D2608ECBF00E17571 = {
						CreatedOnToolsVersion = 12.4;
						TestTargetID = 5A935D1C2608ECBD00E17571;
					};
				};
			};
			buildConfigurationList = 5A935D182608ECBD00E17571 /* Build configuration list for PBXProject "CS441_SpeechToText" */;
			compatibilityVersion = "Xcode 9.3";
			developmentRegion = en;
			hasScannedForEncodings = 0;
			knownRegions = (
				en,
				Base,
			);
			mainGroup = 5A935D142608ECBD00E17571;
			productRefGroup = 5A935D1E2608ECBD00E17571 /* Products */;
			projectDirPath = "";
			projectRoot = "";
			targets = (
				5A935D1C2608ECBD00E17571 /* CS441_SpeechToText */,
				5A935D322608ECBF00E17571 /* CS441_SpeechToTextTests */,
				5A935D3D2608ECBF00E17571 /* CS441_SpeechToTextUITests */,
			);
		};
/* End PBXProject section */

/* Begin PBXResourcesBuildPhase section */
		5A935D1B2608ECBD00E17571 /* Resources */ = {
			isa = PBXResourcesBuildPhase;
			buildActionMask = 2147483647;
			files = (
				5A935D2D2608ECBF00E17571 /* LaunchScreen.storyboard in Resources */,
				5A935D2A2608ECBF00E17571 /* Assets.xcassets in Resources */,
				5A935D282608ECBD00E17571 /* Main.storyboard in Resources */,
			);
			runOnlyForDeploymentPostprocessing = 0;
		};
		5A935D312608ECBF00E17571 /* Resources */ = {
			isa = PBXResourcesBuildPhase;
			buildActionMask = 2147483647;
			files = (
			);
			runOnlyForDeploymentPostprocessing = 0;
		};
		5A935D3C2608ECBF00E17571 /* Resources */ = {
			isa = PBXResourcesBuildPhase;
			buildActionMask = 2147483647;
			files = (
			);
			runOnlyForDeploymentPostprocessing = 0;
		};
/* End PBXResourcesBuildPhase section */

/* Begin PBXShellScriptBuildPhase section */
		62EA329A4C30DAA85E63A337 /* [CP] Embed Pods Frameworks */ = {
			isa = PBXShellScriptBuildPhase;
			buildActionMask = 2147483647;
			files = (
			);
			inputFileListPaths = (
				"${PODS_ROOT}/Target Support Files/Pods-CS441_SpeechToText/Pods-CS441_SpeechToText-frameworks-${CONFIGURATION}-input-files.xcfilelist",
			);
			name = "[CP] Embed Pods Frameworks";
			outputFileListPaths = (
				"${PODS_ROOT}/Target Support Files/Pods-CS441_SpeechToText/Pods-CS441_SpeechToText-frameworks-${CONFIGURATION}-output-files.xcfilelist",
			);
			runOnlyForDeploymentPostprocessing = 0;
			shellPath = /bin/sh;
			shellScript = "\"${PODS_ROOT}/Target Support Files/Pods-CS441_SpeechToText/Pods-CS441_SpeechToText-frameworks.sh\"\n";
			showEnvVarsInLog = 0;
		};
		7E39D8F9D935340F75C82587 /* [CP] Check Pods Manifest.lock */ = {
			isa = PBXShellScriptBuildPhase;
			buildActionMask = 2147483647;
			files = (
			);
			inputFileListPaths = (
			);
			inputPaths = (
				"${PODS_PODFILE_DIR_PATH}/Podfile.lock",
				"${PODS_ROOT}/Manifest.lock",
			);
			name = "[CP] Check Pods Manifest.lock";
			outputFileListPaths = (
			);
			outputPaths = (
				"$(DERIVED_FILE_DIR)/Pods-CS441_SpeechToText-checkManifestLockResult.txt",
			);
			runOnlyForDeploymentPostprocessing = 0;
			shellPath = /bin/sh;
			shellScript = "diff \"${PODS_PODFILE_DIR_PATH}/Podfile.lock\" \"${PODS_ROOT}/Manifest.lock\" > /dev/null\nif [ $? != 0 ] ; then\n    # print error to STDERR\n    echo \"error: The sandbox is not in sync with the Podfile.lock. Run 'pod install' or update your CocoaPods installation.\" >&2\n    exit 1\nfi\n# This output is used by Xcode 'outputs' to avoid re-running this script phase.\necho \"SUCCESS\" > \"${SCRIPT_OUTPUT_FILE_0}\"\n";
			showEnvVarsInLog = 0;
		};
/* End PBXShellScriptBuildPhase section */

/* Begin PBXSourcesBuildPhase section */
		5A935D192608ECBD00E17571 /* Sources */ = {
			isa = PBXSourcesBuildPhase;
			buildActionMask = 2147483647;
			files = (
				5A935D71260907DC00E17571 /* TextToSpeechViewController.swift in Sources */,
				5A935D692609037F00E17571 /* SpeechToTextViewController.swift in Sources */,
				5A935D212608ECBD00E17571 /* AppDelegate.swift in Sources */,
				5A935D232608ECBD00E17571 /* SceneDelegate.swift in Sources */,
			);
			runOnlyForDeploymentPostprocessing = 0;
		};
		5A935D2F2608ECBF00E17571 /* Sources */ = {
			isa = PBXSourcesBuildPhase;
			buildActionMask = 2147483647;
			files = (
				5A935D382608ECBF00E17571 /* CS441_SpeechToTextTests.swift in Sources */,
			);
			runOnlyForDeploymentPostprocessing = 0;
		};
		5A935D3A2608ECBF00E17571 /* Sources */ = {
			isa = PBXSourcesBuildPhase;
			buildActionMask = 2147483647;
			files = (
				5A935D432608ECBF00E17571 /* CS441_SpeechToTextUITests.swift in Sources */,
			);
			runOnlyForDeploymentPostprocessing = 0;
		};
/* End PBXSourcesBuildPhase section */

/* Begin PBXTargetDependency section */
		5A935D352608ECBF00E17571 /* PBXTargetDependency */ = {
			isa = PBXTargetDependency;
			target = 5A935D1C2608ECBD00E17571 /* CS441_SpeechToText */;
			targetProxy = 5A935D342608ECBF00E17571 /* PBXContainerItemProxy */;
		};
		5A935D402608ECBF00E17571 /* PBXTargetDependency */ = {
			isa = PBXTargetDependency;
			target = 5A935D1C2608ECBD00E17571 /* CS441_SpeechToText */;
			targetProxy = 5A935D3F2608ECBF00E17571 /* PBXContainerItemProxy */;
		};
/* End PBXTargetDependency section */

/* Begin PBXVariantGroup section */
		5A935D262608ECBD00E17571 /* Main.storyboard */ = {
			isa = PBXVariantGroup;
			children = (
				5A935D272608ECBD00E17571 /* Base */,
			);
			name = Main.storyboard;
			sourceTree = "<group>";
		};
		5A935D2B2608ECBF00E17571 /* LaunchScreen.storyboard */ = {
			isa = PBXVariantGroup;
			children = (
				5A935D2C2608ECBF00E17571 /* Base */,
			);
			name = LaunchScreen.storyboard;
			sourceTree = "<group>";
		};
/* End PBXVariantGroup section */

/* Begin XCBuildConfiguration section */
		5A935D452608ECBF00E17571 /* Debug */ = {
			isa = XCBuildConfiguration;
			buildSettings = {
				ALWAYS_SEARCH_USER_PATHS = NO;
				CLANG_ANALYZER_NONNULL = YES;
				CLANG_ANALYZER_NUMBER_OBJECT_CONVERSION = YES_AGGRESSIVE;
				CLANG_CXX_LANGUAGE_STANDARD = "gnu++14";
				CLANG_CXX_LIBRARY = "libc++";
				CLANG_ENABLE_MODULES = YES;
				CLANG_ENABLE_OBJC_ARC = YES;
				CLANG_ENABLE_OBJC_WEAK = YES;
				CLANG_WARN_BLOCK_CAPTURE_AUTORELEASING = YES;
				CLANG_WARN_BOOL_CONVERSION = YES;
				CLANG_WARN_COMMA = YES;
				CLANG_WARN_CONSTANT_CONVERSION = YES;
				CLANG_WARN_DEPRECATED_OBJC_IMPLEMENTATIONS = YES;
				CLANG_WARN_DIRECT_OBJC_ISA_USAGE = YES_ERROR;
				CLANG_WARN_DOCUMENTATION_COMMENTS = YES;
				CLANG_WARN_EMPTY_BODY = YES;
				CLANG_WARN_ENUM_CONVERSION = YES;
				CLANG_WARN_INFINITE_RECURSION = YES;
				CLANG_WARN_INT_CONVERSION = YES;
				CLANG_WARN_NON_LITERAL_NULL_CONVERSION = YES;
				CLANG_WARN_OBJC_IMPLICIT_RETAIN_SELF = YES;
				CLANG_WARN_OBJC_LITERAL_CONVERSION = YES;
				CLANG_WARN_OBJC_ROOT_CLASS = YES_ERROR;
				CLANG_WARN_QUOTED_INCLUDE_IN_FRAMEWORK_HEADER = YES;
				CLANG_WARN_RANGE_LOOP_ANALYSIS = YES;
				CLANG_WARN_STRICT_PROTOTYPES = YES;
				CLANG_WARN_SUSPICIOUS_MOVE = YES;
				CLANG_WARN_UNGUARDED_AVAILABILITY = YES_AGGRESSIVE;
				CLANG_WARN_UNREACHABLE_CODE = YES;
				CLANG_WARN__DUPLICATE_METHOD_MATCH = YES;
				COPY_PHASE_STRIP = NO;
				DEBUG_INFORMATION_FORMAT = dwarf;
				ENABLE_STRICT_OBJC_MSGSEND = YES;
				ENABLE_TESTABILITY = YES;
				GCC_C_LANGUAGE_STANDARD = gnu11;
				GCC_DYNAMIC_NO_PIC = NO;
				GCC_NO_COMMON_BLOCKS = YES;
				GCC_OPTIMIZATION_LEVEL = 0;
				GCC_PREPROCESSOR_DEFINITIONS = (
					"DEBUG=1",
					"$(inherited)",
				);
				GCC_WARN_64_TO_32_BIT_CONVERSION = YES;
				GCC_WARN_ABOUT_RETURN_TYPE = YES_ERROR;
				GCC_WARN_UNDECLARED_SELECTOR = YES;
				GCC_WARN_UNINITIALIZED_AUTOS = YES_AGGRESSIVE;
				GCC_WARN_UNUSED_FUNCTION = YES;
				GCC_WARN_UNUSED_VARIABLE = YES;
				IPHONEOS_DEPLOYMENT_TARGET = 14.4;
				MTL_ENABLE_DEBUG_INFO = INCLUDE_SOURCE;
				MTL_FAST_MATH = YES;
				ONLY_ACTIVE_ARCH = YES;
				SDKROOT = iphoneos;
				SWIFT_ACTIVE_COMPILATION_CONDITIONS = DEBUG;
				SWIFT_OPTIMIZATION_LEVEL = "-Onone";
			};
			name = Debug;
		};
		5A935D462608ECBF00E17571 /* Release */ = {
			isa = XCBuildConfiguration;
			buildSettings = {
				ALWAYS_SEARCH_USER_PATHS = NO;
				CLANG_ANALYZER_NONNULL = YES;
				CLANG_ANALYZER_NUMBER_OBJECT_CONVERSION = YES_AGGRESSIVE;
				CLANG_CXX_LANGUAGE_STANDARD = "gnu++14";
				CLANG_CXX_LIBRARY = "libc++";
				CLANG_ENABLE_MODULES = YES;
				CLANG_ENABLE_OBJC_ARC = YES;
				CLANG_ENABLE_OBJC_WEAK = YES;
				CLANG_WARN_BLOCK_CAPTURE_AUTORELEASING = YES;
				CLANG_WARN_BOOL_CONVERSION = YES;
				CLANG_WARN_COMMA = YES;
				CLANG_WARN_CONSTANT_CONVERSION = YES;
				CLANG_WARN_DEPRECATED_OBJC_IMPLEMENTATIONS = YES;
				CLANG_WARN_DIRECT_OBJC_ISA_USAGE = YES_ERROR;
				CLANG_WARN_DOCUMENTATION_COMMENTS = YES;
				CLANG_WARN_EMPTY_BODY = YES;
				CLANG_WARN_ENUM_CONVERSION = YES;
				CLANG_WARN_INFINITE_RECURSION = YES;
				CLANG_WARN_INT_CONVERSION = YES;
				CLANG_WARN_NON_LITERAL_NULL_CONVERSION = YES;
				CLANG_WARN_OBJC_IMPLICIT_RETAIN_SELF = YES;
				CLANG_WARN_OBJC_LITERAL_CONVERSION = YES;
				CLANG_WARN_OBJC_ROOT_CLASS = YES_ERROR;
				CLANG_WARN_QUOTED_INCLUDE_IN_FRAMEWORK_HEADER = YES;
				CLANG_WARN_RANGE_LOOP_ANALYSIS = YES;
				CLANG_WARN_STRICT_PROTOTYPES = YES;
				CLANG_WARN_SUSPICIOUS_MOVE = YES;
				CLANG_WARN_UNGUARDED_AVAILABILITY = YES_AGGRESSIVE;
				CLANG_WARN_UNREACHABLE_CODE = YES;
				CLANG_WARN__DUPLICATE_METHOD_MATCH = YES;
				COPY_PHASE_STRIP = NO;
				DEBUG_INFORMATION_FORMAT = "dwarf-with-dsym";
				ENABLE_NS_ASSERTIONS = NO;
				ENABLE_STRICT_OBJC_MSGSEND = YES;
				GCC_C_LANGUAGE_STANDARD = gnu11;
				GCC_NO_COMMON_BLOCKS = YES;
				GCC_WARN_64_TO_32_BIT_CONVERSION = YES;
				GCC_WARN_ABOUT_RETURN_TYPE = YES_ERROR;
				GCC_WARN_UNDECLARED_SELECTOR = YES;
				GCC_WARN_UNINITIALIZED_AUTOS = YES_AGGRESSIVE;
				GCC_WARN_UNUSED_FUNCTION = YES;
				GCC_WARN_UNUSED_VARIABLE = YES;
				IPHONEOS_DEPLOYMENT_TARGET = 14.4;
				MTL_ENABLE_DEBUG_INFO = NO;
				MTL_FAST_MATH = YES;
				SDKROOT = iphoneos;
				SWIFT_COMPILATION_MODE = wholemodule;
				SWIFT_OPTIMIZATION_LEVEL = "-O";
				VALIDATE_PRODUCT = YES;
			};
			name = Release;
		};
		5A935D482608ECBF00E17571 /* Debug */ = {
			isa = XCBuildConfiguration;
			baseConfigurationReference = 735CCB4D333DAA15797353CC /* Pods-CS441_SpeechToText.debug.xcconfig */;
			buildSettings = {
				ASSETCATALOG_COMPILER_APPICON_NAME = AppIcon;
				ASSETCATALOG_COMPILER_GLOBAL_ACCENT_COLOR_NAME = AccentColor;
				CODE_SIGN_STYLE = Automatic;
				DEVELOPMENT_TEAM = 6CN3C53JBQ;
				INFOPLIST_FILE = CS441_SpeechToText/Info.plist;
				LD_RUNPATH_SEARCH_PATHS = (
					"$(inherited)",
					"@executable_path/Frameworks",
				);
				PRODUCT_BUNDLE_IDENTIFIER = "ugurcandemir.CS441-SpeechToText";
				PRODUCT_NAME = "$(TARGET_NAME)";
				SWIFT_VERSION = 5.0;
				TARGETED_DEVICE_FAMILY = "1,2";
			};
			name = Debug;
		};
		5A935D492608ECBF00E17571 /* Release */ = {
			isa = XCBuildConfiguration;
			baseConfigurationReference = 17507132772E99FE89D37E17 /* Pods-CS441_SpeechToText.release.xcconfig */;
			buildSettings = {
				ASSETCATALOG_COMPILER_APPICON_NAME = AppIcon;
				ASSETCATALOG_COMPILER_GLOBAL_ACCENT_COLOR_NAME = AccentColor;
				CODE_SIGN_STYLE = Automatic;
				DEVELOPMENT_TEAM = 6CN3C53JBQ;
				INFOPLIST_FILE = CS441_SpeechToText/Info.plist;
				LD_RUNPATH_SEARCH_PATHS = (
					"$(inherited)",
					"@executable_path/Frameworks",
				);
				PRODUCT_BUNDLE_IDENTIFIER = "ugurcandemir.CS441-SpeechToText";
				PRODUCT_NAME = "$(TARGET_NAME)";
				SWIFT_VERSION = 5.0;
				TARGETED_DEVICE_FAMILY = "1,2";
			};
			name = Release;
		};
		5A935D4B2608ECBF00E17571 /* Debug */ = {
			isa = XCBuildConfiguration;
			buildSettings = {
				ALWAYS_EMBED_SWIFT_STANDARD_LIBRARIES = YES;
				BUNDLE_LOADER = "$(TEST_HOST)";
				CODE_SIGN_STYLE = Automatic;
				DEVELOPMENT_TEAM = 6CN3C53JBQ;
				INFOPLIST_FILE = CS441_SpeechToTextTests/Info.plist;
				IPHONEOS_DEPLOYMENT_TARGET = 14.4;
				LD_RUNPATH_SEARCH_PATHS = (
					"$(inherited)",
					"@executable_path/Frameworks",
					"@loader_path/Frameworks",
				);
				PRODUCT_BUNDLE_IDENTIFIER = "ugurcandemir.CS441-SpeechToTextTests";
				PRODUCT_NAME = "$(TARGET_NAME)";
				SWIFT_VERSION = 5.0;
				TARGETED_DEVICE_FAMILY = "1,2";
				TEST_HOST = "$(BUILT_PRODUCTS_DIR)/CS441_SpeechToText.app/CS441_SpeechToText";
			};
			name = Debug;
		};
		5A935D4C2608ECBF00E17571 /* Release */ = {
			isa = XCBuildConfiguration;
			buildSettings = {
				ALWAYS_EMBED_SWIFT_STANDARD_LIBRARIES = YES;
				BUNDLE_LOADER = "$(TEST_HOST)";
				CODE_SIGN_STYLE = Automatic;
				DEVELOPMENT_TEAM = 6CN3C53JBQ;
				INFOPLIST_FILE = CS441_SpeechToTextTests/Info.plist;
				IPHONEOS_DEPLOYMENT_TARGET = 14.4;
				LD_RUNPATH_SEARCH_PATHS = (
					"$(inherited)",
					"@executable_path/Frameworks",
					"@loader_path/Frameworks",
				);
				PRODUCT_BUNDLE_IDENTIFIER = "ugurcandemir.CS441-SpeechToTextTests";
				PRODUCT_NAME = "$(TARGET_NAME)";
				SWIFT_VERSION = 5.0;
				TARGETED_DEVICE_FAMILY = "1,2";
				TEST_HOST = "$(BUILT_PRODUCTS_DIR)/CS441_SpeechToText.app/CS441_SpeechToText";
			};
			name = Release;
		};
		5A935D4E2608ECBF00E17571 /* Debug */ = {
			isa = XCBuildConfiguration;
			buildSettings = {
				ALWAYS_EMBED_SWIFT_STANDARD_LIBRARIES = YES;
				CODE_SIGN_STYLE = Automatic;
				DEVELOPMENT_TEAM = 6CN3C53JBQ;
				INFOPLIST_FILE = CS441_SpeechToTextUITests/Info.plist;
				LD_RUNPATH_SEARCH_PATHS = (
					"$(inherited)",
					"@executable_path/Frameworks",
					"@loader_path/Frameworks",
				);
				PRODUCT_BUNDLE_IDENTIFIER = "ugurcandemir.CS441-SpeechToTextUITests";
				PRODUCT_NAME = "$(TARGET_NAME)";
				SWIFT_VERSION = 5.0;
				TARGETED_DEVICE_FAMILY = "1,2";
				TEST_TARGET_NAME = CS441_SpeechToText;
			};
			name = Debug;
		};
		5A935D4F2608ECBF00E17571 /* Release */ = {
			isa = XCBuildConfiguration;
			buildSettings = {
				ALWAYS_EMBED_SWIFT_STANDARD_LIBRARIES = YES;
				CODE_SIGN_STYLE = Automatic;
				DEVELOPMENT_TEAM = 6CN3C53JBQ;
				INFOPLIST_FILE = CS441_SpeechToTextUITests/Info.plist;
				LD_RUNPATH_SEARCH_PATHS = (
					"$(inherited)",
					"@executable_path/Frameworks",
					"@loader_path/Frameworks",
				);
				PRODUCT_BUNDLE_IDENTIFIER = "ugurcandemir.CS441-SpeechToTextUITests";
				PRODUCT_NAME = "$(TARGET_NAME)";
				SWIFT_VERSION = 5.0;
				TARGETED_DEVICE_FAMILY = "1,2";
				TEST_TARGET_NAME = CS441_SpeechToText;
			};
			name = Release;
		};
/* End XCBuildConfiguration section */

/* Begin XCConfigurationList section */
		5A935D182608ECBD00E17571 /* Build configuration list for PBXProject "CS441_SpeechToText" */ = {
			isa = XCConfigurationList;
			buildConfigurations = (
				5A935D452608ECBF00E17571 /* Debug */,
				5A935D462608ECBF00E17571 /* Release */,
			);
			defaultConfigurationIsVisible = 0;
			defaultConfigurationName = Release;
		};
		5A935D472608ECBF00E17571 /* Build configuration list for PBXNativeTarget "CS441_SpeechToText" */ = {
			isa = XCConfigurationList;
			buildConfigurations = (
				5A935D482608ECBF00E17571 /* Debug */,
				5A935D492608ECBF00E17571 /* Release */,
			);
			defaultConfigurationIsVisible = 0;
			defaultConfigurationName = Release;
		};
		5A935D4A2608ECBF00E17571 /* Build configuration list for PBXNativeTarget "CS441_SpeechToTextTests" */ = {
			isa = XCConfigurationList;
			buildConfigurations = (
				5A935D4B2608ECBF00E17571 /* Debug */,
				5A935D4C2608ECBF00E17571 /* Release */,
			);
			defaultConfigurationIsVisible = 0;
			defaultConfigurationName = Release;
		};
		5A935D4D2608ECBF00E17571 /* Build configuration list for PBXNativeTarget "CS441_SpeechToTextUITests" */ = {
			isa = XCConfigurationList;
			buildConfigurations = (
				5A935D4E2608ECBF00E17571 /* Debug */,
				5A935D4F2608ECBF00E17571 /* Release */,
			);
			defaultConfigurationIsVisible = 0;
			defaultConfigurationName = Release;
		};
/* End XCConfigurationList section */
	};
	rootObject = 5A935D152608ECBD00E17571 /* Project object */;
}
